
Microsoft Visual Studio Solution File, Format Version 12.00
# Visual Studio Version 17
VisualStudioVersion = 17.0.31903.59
MinimumVisualStudioVersion = 10.0.40219.1
Project("{2150E333-8FDC-42A3-9474-1A3956D46DE8}") = "tests", "tests", "{0AB3BF05-4346-4AA6-1389-037BE0695223}"
EndProject
Project("{2150E333-8FDC-42A3-9474-1A3956D46DE8}") = "Contract", "Contract", "{53506FF3-1087-91DB-5731-19A6F3C92276}"
EndProject
Project("{FAE04EC0-301F-11D3-BF4B-00C04F79EFBC}") = "RetailPulse.ContractTests", "tests\Contract\RetailPulse.ContractTests\RetailPulse.ContractTests.csproj", "{9C4A0CCA-A1B5-4946-BA00-6E22E0889708}"
EndProject
Project("{2150E333-8FDC-42A3-9474-1A3956D46DE8}") = "src", "src", "{827E0CD3-B72D-47B6-A68D-7590B98EB39B}"
EndProject
Project("{2150E333-8FDC-42A3-9474-1A3956D46DE8}") = "BuildingBlocks", "BuildingBlocks", "{90298CBA-BD6F-3A0A-69D5-97CAD7B05E7E}"
EndProject
Project("{FAE04EC0-301F-11D3-BF4B-00C04F79EFBC}") = "RetailPulse.BuildingBlocks", "src\BuildingBlocks\RetailPulse.BuildingBlocks\RetailPulse.BuildingBlocks.csproj", "{7907A66D-289D-4545-BA90-9AE450217FCD}"
EndProject
Project("{2150E333-8FDC-42A3-9474-1A3956D46DE8}") = "Edge", "Edge", "{4180810C-B9DC-9A52-1CDC-490F69969972}"
EndProject
Project("{FAE04EC0-301F-11D3-BF4B-00C04F79EFBC}") = "RetailPulse.Edge", "src\Edge\RetailPulse.Edge\RetailPulse.Edge.csproj", "{5B78B2AB-8919-49D5-A406-FF725A638184}"
EndProject
Project("{2150E333-8FDC-42A3-9474-1A3956D46DE8}") = "Cloud", "Cloud", "{95E80168-171F-B871-B946-3646EA1871A2}"
EndProject
Project("{FAE04EC0-301F-11D3-BF4B-00C04F79EFBC}") = "RetailPulse.Cloud", "src\Cloud\RetailPulse.Cloud\RetailPulse.Cloud.csproj", "{6D484108-73BA-4B4C-8788-E946B7FF5A5C}"
EndProject
Project("{2150E333-8FDC-42A3-9474-1A3956D46DE8}") = "Unit", "Unit", "{9D556B49-86D1-93A7-9596-FFAAB74EC556}"
EndProject
Project("{FAE04EC0-301F-11D3-BF4B-00C04F79EFBC}") = "RetailPulse.UnitTests", "tests\Unit\RetailPulse.UnitTests\RetailPulse.UnitTests.csproj", "{C0747185-1107-47E9-B315-737A1C4C8A3D}"
EndProject
Project("{2150E333-8FDC-42A3-9474-1A3956D46DE8}") = "Integration", "Integration", "{28A6993C-471E-82FE-7D9E-AD3B1EC22BD9}"
EndProject
Project("{FAE04EC0-301F-11D3-BF4B-00C04F79EFBC}") = "RetailPulse.IntegrationTests", "tests\Integration\RetailPulse.IntegrationTests\RetailPulse.IntegrationTests.csproj", "{4EB64F4A-AD24-4F44-B0F6-BA1D92F4AC37}"
EndProject
Global
	GlobalSection(SolutionConfigurationPlatforms) = preSolution
		Debug|Any CPU = Debug|Any CPU
		Debug|x64 = Debug|x64
		Debug|x86 = Debug|x86
		Release|Any CPU = Release|Any CPU
		Release|x64 = Release|x64
		Release|x86 = Release|x86
	EndGlobalSection
	GlobalSection(ProjectConfigurationPlatforms) = postSolution
		{9C4A0CCA-A1B5-4946-BA00-6E22E0889708}.Debug|Any CPU.ActiveCfg = Debug|Any CPU
		{9C4A0CCA-A1B5-4946-BA00-6E22E0889708}.Debug|Any CPU.Build.0 = Debug|Any CPU
		{9C4A0CCA-A1B5-4946-BA00-6E22E0889708}.Debug|x64.ActiveCfg = Debug|Any CPU
		{9C4A0CCA-A1B5-4946-BA00-6E22E0889708}.Debug|x64.Build.0 = Debug|Any CPU
		{9C4A0CCA-A1B5-4946-BA00-6E22E0889708}.Debug|x86.ActiveCfg = Debug|Any CPU
		{9C4A0CCA-A1B5-4946-BA00-6E22E0889708}.Debug|x86.Build.0 = Debug|Any CPU
		{9C4A0CCA-A1B5-4946-BA00-6E22E0889708}.Release|Any CPU.ActiveCfg = Release|Any CPU
		{9C4A0CCA-A1B5-4946-BA00-6E22E0889708}.Release|Any CPU.Build.0 = Release|Any CPU
		{9C4A0CCA-A1B5-4946-BA00-6E22E0889708}.Release|x64.ActiveCfg = Release|Any CPU
		{9C4A0CCA-A1B5-4946-BA00-6E22E0889708}.Release|x64.Build.0 = Release|Any CPU
		{9C4A0CCA-A1B5-4946-BA00-6E22E0889708}.Release|x86.ActiveCfg = Release|Any CPU
		{9C4A0CCA-A1B5-4946-BA00-6E22E0889708}.Release|x86.Build.0 = Release|Any CPU
		{7907A66D-289D-4545-BA90-9AE450217FCD}.Debug|Any CPU.ActiveCfg = Debug|Any CPU
		{7907A66D-289D-4545-BA90-9AE450217FCD}.Debug|Any CPU.Build.0 = Debug|Any CPU
		{7907A66D-289D-4545-BA90-9AE450217FCD}.Debug|x64.ActiveCfg = Debug|Any CPU
		{7907A66D-289D-4545-BA90-9AE450217FCD}.Debug|x64.Build.0 = Debug|Any CPU
		{7907A66D-289D-4545-BA90-9AE450217FCD}.Debug|x86.ActiveCfg = Debug|Any CPU
		{7907A66D-289D-4545-BA90-9AE450217FCD}.Debug|x86.Build.0 = Debug|Any CPU
		{7907A66D-289D-4545-BA90-9AE450217FCD}.Release|Any CPU.ActiveCfg = Release|Any CPU
		{7907A66D-289D-4545-BA90-9AE450217FCD}.Release|Any CPU.Build.0 = Release|Any CPU
		{7907A66D-289D-4545-BA90-9AE450217FCD}.Release|x64.ActiveCfg = Release|Any CPU
		{7907A66D-289D-4545-BA90-9AE450217FCD}.Release|x64.Build.0 = Release|Any CPU
		{7907A66D-289D-4545-BA90-9AE450217FCD}.Release|x86.ActiveCfg = Release|Any CPU
		{7907A66D-289D-4545-BA90-9AE450217FCD}.Release|x86.Build.0 = Release|Any CPU
		{5B78B2AB-8919-49D5-A406-FF725A638184}.Debug|Any CPU.ActiveCfg = Debug|Any CPU
		{5B78B2AB-8919-49D5-A406-FF725A638184}.Debug|Any CPU.Build.0 = Debug|Any CPU
		{5B78B2AB-8919-49D5-A406-FF725A638184}.Debug|x64.ActiveCfg = Debug|Any CPU
		{5B78B2AB-8919-49D5-A406-FF725A638184}.Debug|x64.Build.0 = Debug|Any CPU
		{5B78B2AB-8919-49D5-A406-FF725A638184}.Debug|x86.ActiveCfg = Debug|Any CPU
		{5B78B2AB-8919-49D5-A406-FF725A638184}.Debug|x86.Build.0 = Debug|Any CPU
		{5B78B2AB-8919-49D5-A406-FF725A638184}.Release|Any CPU.ActiveCfg = Release|Any CPU
		{5B78B2AB-8919-49D5-A406-FF725A638184}.Release|Any CPU.Build.0 = Release|Any CPU
		{5B78B2AB-8919-49D5-A406-FF725A638184}.Release|x64.ActiveCfg = Release|Any CPU
		{5B78B2AB-8919-49D5-A406-FF725A638184}.Release|x64.Build.0 = Release|Any CPU
		{5B78B2AB-8919-49D5-A406-FF725A638184}.Release|x86.ActiveCfg = Release|Any CPU
		{5B78B2AB-8919-49D5-A406-FF725A638184}.Release|x86.Build.0 = Release|Any CPU
		{6D484108-73BA-4B4C-8788-E946B7FF5A5C}.Debug|Any CPU.ActiveCfg = Debug|Any CPU
		{6D484108-73BA-4B4C-8788-E946B7FF5A5C}.Debug|Any CPU.Build.0 = Debug|Any CPU
		{6D484108-73BA-4B4C-8788-E946B7FF5A5C}.Debug|x64.ActiveCfg = Debug|Any CPU
		{6D484108-73BA-4B4C-8788-E946B7FF5A5C}.Debug|x64.Build.0 = Debug|Any CPU
		{6D484108-73BA-4B4C-8788-E946B7FF5A5C}.Debug|x86.ActiveCfg = Debug|Any CPU
		{6D484108-73BA-4B4C-8788-E946B7FF5A5C}.Debug|x86.Build.0 = Debug|Any CPU
		{6D484108-73BA-4B4C-8788-E946B7FF5A5C}.Release|Any CPU.ActiveCfg = Release|Any CPU
		{6D484108-73BA-4B4C-8788-E946B7FF5A5C}.Release|Any CPU.Build.0 = Release|Any CPU
		{6D484108-73BA-4B4C-8788-E946B7FF5A5C}.Release|x64.ActiveCfg = Release|Any CPU
		{6D484108-73BA-4B4C-8788-E946B7FF5A5C}.Release|x64.Build.0 = Release|Any CPU
		{6D484108-73BA-4B4C-8788-E946B7FF5A5C}.Release|x86.ActiveCfg = Release|Any CPU
		{6D484108-73BA-4B4C-8788-E946B7FF5A5C}.Release|x86.Build.0 = Release|Any CPU
		{C0747185-1107-47E9-B315-737A1C4C8A3D}.Debug|Any CPU.ActiveCfg = Debug|Any CPU
		{C0747185-1107-47E9-B315-737A1C4C8A3D}.Debug|Any CPU.Build.0 = Debug|Any CPU
		{C0747185-1107-47E9-B315-737A1C4C8A3D}.Debug|x64.ActiveCfg = Debug|Any CPU
		{C0747185-1107-47E9-B315-737A1C4C8A3D}.Debug|x64.Build.0 = Debug|Any CPU
		{C0747185-1107-47E9-B315-737A1C4C8A3D}.Debug|x86.ActiveCfg = Debug|Any CPU
		{C0747185-1107-47E9-B315-737A1C4C8A3D}.Debug|x86.Build.0 = Debug|Any CPU
		{C0747185-1107-47E9-B315-737A1C4C8A3D}.Release|Any CPU.ActiveCfg = Release|Any CPU
		{C0747185-1107-47E9-B315-737A1C4C8A3D}.Release|Any CPU.Build.0 = Release|Any CPU
		{C0747185-1107-47E9-B315-737A1C4C8A3D}.Release|x64.ActiveCfg = Release|Any CPU
		{C0747185-1107-47E9-B315-737A1C4C8A3D}.Release|x64.Build.0 = Release|Any CPU
		{C0747185-1107-47E9-B315-737A1C4C8A3D}.Release|x86.ActiveCfg = Release|Any CPU
		{C0747185-1107-47E9-B315-737A1C4C8A3D}.Release|x86.Build.0 = Release|Any CPU
		{4EB64F4A-AD24-4F44-B0F6-BA1D92F4AC37}.Debug|Any CPU.ActiveCfg = Debug|Any CPU
		{4EB64F4A-AD24-4F44-B0F6-BA1D92F4AC37}.Debug|Any CPU.Build.0 = Debug|Any CPU
		{4EB64F4A-AD24-4F44-B0F6-BA1D92F4AC37}.Debug|x64.ActiveCfg = Debug|Any CPU
		{4EB64F4A-AD24-4F44-B0F6-BA1D92F4AC37}.Debug|x64.Build.0 = Debug|Any CPU
		{4EB64F4A-AD24-4F44-B0F6-BA1D92F4AC37}.Debug|x86.ActiveCfg = Debug|Any CPU
		{4EB64F4A-AD24-4F44-B0F6-BA1D92F4AC37}.Debug|x86.Build.0 = Debug|Any CPU
		{4EB64F4A-AD24-4F44-B0F6-BA1D92F4AC37}.Release|Any CPU.ActiveCfg = Release|Any CPU
		{4EB64F4A-AD24-4F44-B0F6-BA1D92F4AC37}.Release|Any CPU.Build.0 = Release|Any CPU
		{4EB64F4A-AD24-4F44-B0F6-BA1D92F4AC37}.Release|x64.ActiveCfg = Release|Any CPU
		{4EB64F4A-AD24-4F44-B0F6-BA1D92F4AC37}.Release|x64.Build.0 = Release|Any CPU
		{4EB64F4A-AD24-4F44-B0F6-BA1D92F4AC37}.Release|x86.ActiveCfg = Release|Any CPU
		{4EB64F4A-AD24-4F44-B0F6-BA1D92F4AC37}.Release|x86.Build.0 = Release|Any CPU
	EndGlobalSection
	GlobalSection(SolutionProperties) = preSolution
		HideSolutionNode = FALSE
	EndGlobalSection
	GlobalSection(NestedProjects) = preSolution
		{53506FF3-1087-91DB-5731-19A6F3C92276} = {0AB3BF05-4346-4AA6-1389-037BE0695223}
		{9C4A0CCA-A1B5-4946-BA00-6E22E0889708} = {53506FF3-1087-91DB-5731-19A6F3C92276}
		{90298CBA-BD6F-3A0A-69D5-97CAD7B05E7E} = {827E0CD3-B72D-47B6-A68D-7590B98EB39B}
		{7907A66D-289D-4545-BA90-9AE450217FCD} = {90298CBA-BD6F-3A0A-69D5-97CAD7B05E7E}
		{4180810C-B9DC-9A52-1CDC-490F69969972} = {827E0CD3-B72D-47B6-A68D-7590B98EB39B}
		{5B78B2AB-8919-49D5-A406-FF725A638184} = {4180810C-B9DC-9A52-1CDC-490F69969972}
		{95E80168-171F-B871-B946-3646EA1871A2} = {827E0CD3-B72D-47B6-A68D-7590B98EB39B}
		{6D484108-73BA-4B4C-8788-E946B7FF5A5C} = {95E80168-171F-B871-B946-3646EA1871A2}
		{9D556B49-86D1-93A7-9596-FFAAB74EC556} = {0AB3BF05-4346-4AA6-1389-037BE0695223}
		{C0747185-1107-47E9-B315-737A1C4C8A3D} = {9D556B49-86D1-93A7-9596-FFAAB74EC556}
		{28A6993C-471E-82FE-7D9E-AD3B1EC22BD9} = {0AB3BF05-4346-4AA6-1389-037BE0695223}
		{4EB64F4A-AD24-4F44-B0F6-BA1D92F4AC37} = {28A6993C-471E-82FE-7D9E-AD3B1EC22BD9}
	EndGlobalSection
EndGlobal
